<?xml version="1.0" encoding="utf-8"?>
<Project ToolsVersion="4.0" xmlns="http://schemas.microsoft.com/developer/msbuild/2003">
  <ItemGroup>
    <Filter Include="Header Files">
      <UniqueIdentifier>{93995380-89BD-4b04-88EB-625FBE52EBFB}</UniqueIdentifier>
      <Extensions>h;hh;hpp;hxx;hm;inl;inc;ipp;xsd</Extensions>
    </Filter>
    <Filter Include="Window">
      <UniqueIdentifier>{11454ea1-758f-49c1-8082-2bf6e713ad2a}</UniqueIdentifier>
    </Filter>
    <Filter Include="Catch2">
      <UniqueIdentifier>{cbe4caed-8f86-43da-b389-a9a1f68c1434}</UniqueIdentifier>
    </Filter>
    <Filter Include="Input">
      <UniqueIdentifier>{2cc41c87-1270-481d-93ff-1a4fcdb2147a}</UniqueIdentifier>
    </Filter>
    <Filter Include="Timer">
      <UniqueIdentifier>{40a0e93f-fd2d-457a-847e-10c9baa38940}</UniqueIdentifier>
    </Filter>
    <Filter Include="Graphics">
      <UniqueIdentifier>{7cdf6dda-e26a-4ffa-b506-02c5878832e6}</UniqueIdentifier>
    </Filter>
    <Filter Include="Graphics\OpenGL">
      <UniqueIdentifier>{d1050631-4fa3-4e39-878b-34def4b311ba}</UniqueIdentifier>
    </Filter>
    <Filter Include="Level">
      <UniqueIdentifier>{c68f089d-459d-40c9-8e1f-6eddc97f1040}</UniqueIdentifier>
    </Filter>
  </ItemGroup>
  <ItemGroup>
    <ClCompile Include="Window\Application.cpp">
      <Filter>Window</Filter>
    </ClCompile>
    <ClCompile Include="Window\Engine.cpp">
      <Filter>Window</Filter>
    </ClCompile>
    <ClCompile Include="Window\PlatformWindow.cpp">
      <Filter>Window</Filter>
    </ClCompile>
    <ClCompile Include="Window\Window.cpp">
      <Filter>Window</Filter>
    </ClCompile>
    <ClCompile Include="Input\InputController.cpp">
      <Filter>Input</Filter>
    </ClCompile>
    <ClCompile Include="Graphics\OpenGL\Camera.cpp">
      <Filter>Graphics\OpenGL</Filter>
    </ClCompile>
    <ClCompile Include="Graphics\OpenGL\CameraManager.cpp">
      <Filter>Graphics\OpenGL</Filter>
    </ClCompile>
    <ClCompile Include="Graphics\OpenGL\CameraView.cpp">
      <Filter>Graphics\OpenGL</Filter>
    </ClCompile>
    <ClCompile Include="Graphics\OpenGL\Colors.cpp">
      <Filter>Graphics\OpenGL</Filter>
    </ClCompile>
    <ClCompile Include="Graphics\OpenGL\GL.cpp">
      <Filter>Graphics\OpenGL</Filter>
    </ClCompile>
    <ClCompile Include="Graphics\OpenGL\glCheck.cpp">
      <Filter>Graphics\OpenGL</Filter>
    </ClCompile>
    <ClCompile Include="Graphics\OpenGL\Image.cpp">
      <Filter>Graphics\OpenGL</Filter>
    </ClCompile>
    <ClCompile Include="Graphics\OpenGL\Mesh.cpp">
      <Filter>Graphics\OpenGL</Filter>
    </ClCompile>
    <ClCompile Include="Graphics\OpenGL\Shader.cpp">
      <Filter>Graphics\OpenGL</Filter>
    </ClCompile>
    <ClCompile Include="Graphics\OpenGL\Texture.cpp">
      <Filter>Graphics\OpenGL</Filter>
    </ClCompile>
    <ClCompile Include="Graphics\OpenGL\Transform.cpp">
      <Filter>Graphics\OpenGL</Filter>
    </ClCompile>
    <ClCompile Include="Graphics\OpenGL\VertexLayoutDescription.cpp">
      <Filter>Graphics\OpenGL</Filter>
    </ClCompile>
    <ClCompile Include="Graphics\OpenGL\Vertices.cpp">
      <Filter>Graphics\OpenGL</Filter>
    </ClCompile>
    <ClCompile Include="Level\BasicLevel.cpp" />
    <ClCompile Include="Graphics\Sketch.cpp">
      <Filter>Graphics</Filter>
    </ClCompile>
    <ClCompile Include="Graphics\OpenGL\BitmapFont.cpp">
      <Filter>Graphics\OpenGL</Filter>
    </ClCompile>
    <ClCompile Include="Graphics\OpenGL\Text.cpp">
      <Filter>Graphics\OpenGL</Filter>
    </ClCompile>
    <ClCompile Include="Graphics\OpenGL\Screenshot.cpp">
      <Filter>Graphics\OpenGL</Filter>
    </ClCompile>
  </ItemGroup>
  <ItemGroup>
    <ClInclude Include="Window\Application.hpp">
      <Filter>Window</Filter>
    </ClInclude>
    <ClInclude Include="Window\Engine.hpp">
      <Filter>Window</Filter>
    </ClInclude>
    <ClInclude Include="Window\PlatformWindow.h">
      <Filter>Window</Filter>
    </ClInclude>
    <ClInclude Include="Window\Window.h">
      <Filter>Window</Filter>
    </ClInclude>
    <ClInclude Include="Catch2\catch.hpp">
      <Filter>Catch2</Filter>
    </ClInclude>
    <ClInclude Include="Input\InputController.h">
      <Filter>Input</Filter>
    </ClInclude>
    <ClInclude Include="Timer\Timer.hpp">
      <Filter>Timer</Filter>
    </ClInclude>
    <ClInclude Include="Graphics\OpenGL\Camera.hpp">
      <Filter>Graphics\OpenGL</Filter>
    </ClInclude>
    <ClInclude Include="Graphics\OpenGL\CameraManager.hpp">
      <Filter>Graphics\OpenGL</Filter>
    </ClInclude>
    <ClInclude Include="Graphics\OpenGL\CameraView.hpp">
      <Filter>Graphics\OpenGL</Filter>
    </ClInclude>
    <ClInclude Include="Graphics\OpenGL\Color4f.hpp">
      <Filter>Graphics\OpenGL</Filter>
    </ClInclude>
    <ClInclude Include="Graphics\OpenGL\Color4ub.hpp">
      <Filter>Graphics\OpenGL</Filter>
    </ClInclude>
    <ClInclude Include="Graphics\OpenGL\GL.hpp">
      <Filter>Graphics\OpenGL</Filter>
    </ClInclude>
    <ClInclude Include="Graphics\OpenGL\glCheck.hpp">
      <Filter>Graphics\OpenGL</Filter>
    </ClInclude>
    <ClInclude Include="Graphics\OpenGL\Image.hpp">
      <Filter>Graphics\OpenGL</Filter>
    </ClInclude>
    <ClInclude Include="Graphics\OpenGL\Material.hpp">
      <Filter>Graphics\OpenGL</Filter>
    </ClInclude>
    <ClInclude Include="Graphics\OpenGL\Mesh.hpp">
      <Filter>Graphics\OpenGL</Filter>
    </ClInclude>
    <ClInclude Include="Graphics\OpenGL\Shader.hpp">
      <Filter>Graphics\OpenGL</Filter>
    </ClInclude>
    <ClInclude Include="Graphics\OpenGL\StockShaders.hpp">
      <Filter>Graphics\OpenGL</Filter>
    </ClInclude>
    <ClInclude Include="Graphics\OpenGL\Texture.hpp">
      <Filter>Graphics\OpenGL</Filter>
    </ClInclude>
    <ClInclude Include="Graphics\OpenGL\Transform.hpp">
      <Filter>Graphics\OpenGL</Filter>
    </ClInclude>
    <ClInclude Include="Graphics\OpenGL\VertexLayoutDescription.hpp">
      <Filter>Graphics\OpenGL</Filter>
    </ClInclude>
    <ClInclude Include="Graphics\OpenGL\Vertices.hpp">
      <Filter>Graphics\OpenGL</Filter>
    </ClInclude>
    <ClInclude Include="Graphics\Sketch.hpp">
      <Filter>Graphics</Filter>
    </ClInclude>
    <ClInclude Include="Level\BasicLevel.hpp">
      <Filter>Header Files</Filter>
    </ClInclude>
    <ClInclude Include="Graphics\OpenGL\BitmapFont.hpp">
      <Filter>Graphics\OpenGL</Filter>
    </ClInclude>
    <ClInclude Include="Graphics\OpenGL\Text.hpp">
      <Filter>Graphics\OpenGL</Filter>
    </ClInclude>
    <ClInclude Include="Graphics\OpenGL\Screenshot.hpp">
      <Filter>Graphics\OpenGL</Filter>
    </ClInclude>
  </ItemGroup>
  <ItemGroup>
    <None Include="Graphics\OpenGL\StockShaders.inl">
      <Filter>Graphics\OpenGL</Filter>
    </None>
  </ItemGroup>
</Project>